{
  "name": "democracy-club-ynr-deploy-cdk",
  "version": "0.0.1",
  "lockfileVersion": 3,
  "requires": true,
  "packages": {
    "": {
      "name": "democracy-club-ynr-deploy-cdk",
      "version": "0.0.1",
      "license": "AGPL-3.0-only",
      "dependencies": {
        "aws-cdk": "^2.178.0",
        "cdk": "^2.178.0"
      }
    },
    "node_modules/aws-cdk": {
      "version": "2.178.0",
      "resolved": "https://registry.npmjs.org/aws-cdk/-/aws-cdk-2.178.0.tgz",
      "integrity": "sha512-FcAByh9/HCgxEFE05434t+coYhOZSp92au77VSudBXhdgBrGPG28j1zSJY0XGPcH6eQxWaMWhSI6RzFK34R8MA==",
      "bin": {
        "cdk": "bin/cdk"
      },
      "engines": {
        "node": ">= 14.15.0"
      },
      "optionalDependencies": {
        "fsevents": "2.3.2"
      }
    },
    "node_modules/cdk": {
      "version": "2.178.0",
      "resolved": "https://registry.npmjs.org/cdk/-/cdk-2.178.0.tgz",
      "integrity": "sha512-zwXLeWlpq255nOgIwCZleUCcroiAi1p1lamVOFWi5dlsrE+JYUnT9ub5ce1q1ZP7tmu7Y2/NoF/ntK4BBs+eXQ==",
      "dependencies": {
        "aws-cdk": "2.178.0"
      },
      "bin": {
        "cdk": "bin/cdk"
      },
      "engines": {
        "node": ">= 14.15.0"
      }
    }
  }
}
